PODS:
  - AMScrollingNavbar (1.3.5)
  - iToast (0.0.1)
  - VCTransitionsLibrary (1.4.0)

DEPENDENCIES:
  - AMScrollingNavbar (~> 1.0)
  - iToast
  - VCTransitionsLibrary (~> 1.4.0)

SPEC CHECKSUMS:
  AMScrollingNavbar: 7118f2d2c99de1bbca27944425d2df9f94452e37
  iToast: df147188215cc3293bd4366822833f2862fec451
  VCTransitionsLibrary: 7116e731880e745e4c92993daba587b7c48c18e0

COCOAPODS: 0.37.1
